
Microsoft Visual Studio Solution File, Format Version 12.00
# Visual Studio Version 17
VisualStudioVersion = 17.6.33723.286
MinimumVisualStudioVersion = 10.0.40219.1
Project("{9A19103F-16F7-4668-BE54-9A1E7A4F7556}") = "ChatServer", "ChatServer.csproj", "{E0DBE7F2-38F7-4B1A-9BDE-A5DEDAC2544F}"
EndProject
Project("{D954291E-2A0B-460D-934E-DC6B0785DB48}") = "Protocol", "..\Protocol\Protocol.shproj", "{CA871817-EB10-4939-8AE3-BCA67BB117D1}"
EndProject
Project("{9A19103F-16F7-4668-BE54-9A1E7A4F7556}") = "DummyClient", "..\DummyClient\DummyClient.csproj", "{D6532C12-A8F0-44D0-B81D-D8165ABB2729}"
EndProject
Project("{9A19103F-16F7-4668-BE54-9A1E7A4F7556}") = "NetworkCore", "..\NetworkLibrary\NetworkCore.csproj", "{DA6FFACB-5A6E-4D50-B041-FA1A876F00C2}"
EndProject
Global
	GlobalSection(SolutionConfigurationPlatforms) = preSolution
		Debug|Any CPU = Debug|Any CPU
		Release|Any CPU = Release|Any CPU
	EndGlobalSection
	GlobalSection(ProjectConfigurationPlatforms) = postSolution
		{E0DBE7F2-38F7-4B1A-9BDE-A5DEDAC2544F}.Debug|Any CPU.ActiveCfg = Debug|Any CPU
		{E0DBE7F2-38F7-4B1A-9BDE-A5DEDAC2544F}.Debug|Any CPU.Build.0 = Debug|Any CPU
		{E0DBE7F2-38F7-4B1A-9BDE-A5DEDAC2544F}.Release|Any CPU.ActiveCfg = Release|Any CPU
		{E0DBE7F2-38F7-4B1A-9BDE-A5DEDAC2544F}.Release|Any CPU.Build.0 = Release|Any CPU
		{D6532C12-A8F0-44D0-B81D-D8165ABB2729}.Debug|Any CPU.ActiveCfg = Debug|Any CPU
		{D6532C12-A8F0-44D0-B81D-D8165ABB2729}.Debug|Any CPU.Build.0 = Debug|Any CPU
		{D6532C12-A8F0-44D0-B81D-D8165ABB2729}.Release|Any CPU.ActiveCfg = Release|Any CPU
		{D6532C12-A8F0-44D0-B81D-D8165ABB2729}.Release|Any CPU.Build.0 = Release|Any CPU
		{DA6FFACB-5A6E-4D50-B041-FA1A876F00C2}.Debug|Any CPU.ActiveCfg = Debug|Any CPU
		{DA6FFACB-5A6E-4D50-B041-FA1A876F00C2}.Debug|Any CPU.Build.0 = Debug|Any CPU
		{DA6FFACB-5A6E-4D50-B041-FA1A876F00C2}.Release|Any CPU.ActiveCfg = Release|Any CPU
		{DA6FFACB-5A6E-4D50-B041-FA1A876F00C2}.Release|Any CPU.Build.0 = Release|Any CPU
	EndGlobalSection
	GlobalSection(SolutionProperties) = preSolution
		HideSolutionNode = FALSE
	EndGlobalSection
	GlobalSection(ExtensibilityGlobals) = postSolution
		SolutionGuid = {3E2B802A-252F-4A25-ABC8-FC92C3F890C4}
	EndGlobalSection
	GlobalSection(SharedMSBuildProjectFiles) = preSolution
		..\Protocol\Protocol.projitems*{ca871817-eb10-4939-8ae3-bca67bb117d1}*SharedItemsImports = 13
		..\Protocol\Protocol.projitems*{da6ffacb-5a6e-4d50-b041-fa1a876f00c2}*SharedItemsImports = 5
	EndGlobalSection
EndGlobal
